// !$*UTF8*$!
{
	archiveVersion = 1;
	classes = {
	};
	objectVersion = 77;
	objects = {

/* Begin PBXBuildFile section */
		3B30A27D2E55A65800025C49 /* Clicore in Frameworks */ = {isa = PBXBuildFile; productRef = 3B30A27C2E55A65800025C49 /* Clicore */; };
		3BD947C42E50D99D00A3245D /* word.swift in Sources */ = {isa = PBXBuildFile; fileRef = 3BD947C32E50D99D00A3245D /* word.swift */; };
		3BD947C52E50D99D00A3245D /* word.swift in Sources */ = {isa = PBXBuildFile; fileRef = 3BD947C32E50D99D00A3245D /* word.swift */; };
		3BE01B7A2D0F3CCB00E1D2F4 /* word2textTests.swift in Sources */ = {isa = PBXBuildFile; fileRef = 3BE01B782D0F3CCB00E1D2F4 /* word2textTests.swift */; };
		3BE01B7B2D0F3D5300E1D2F4 /* entities.swift in Sources */ = {isa = PBXBuildFile; fileRef = 3BF5644F2D0A270F008E58B6 /* entities.swift */; };
		3BE01B7D2D0F3D6000E1D2F4 /* main.swift in Sources */ = {isa = PBXBuildFile; fileRef = 3BF5644E2D0A270F008E58B6 /* main.swift */; };
		3BF564532D0A270F008E58B6 /* main.swift in Sources */ = {isa = PBXBuildFile; fileRef = 3BF5644E2D0A270F008E58B6 /* main.swift */; };
		3BF564542D0A270F008E58B6 /* entities.swift in Sources */ = {isa = PBXBuildFile; fileRef = 3BF5644F2D0A270F008E58B6 /* entities.swift */; };
/* End PBXBuildFile section */

/* Begin PBXCopyFilesBuildPhase section */
		3B4873782D03743C00294F25 /* CopyFiles */ = {
			isa = PBXCopyFilesBuildPhase;
			buildActionMask = 2147483647;
			dstPath = /usr/share/man/man1/;
			dstSubfolderSpec = 0;
			files = (
			);
			runOnlyForDeploymentPostprocessing = 1;
		};
/* End PBXCopyFilesBuildPhase section */

/* Begin PBXFileReference section */
		3B09FFDD2D198CEE00F98C39 /* word2text.1 */ = {isa = PBXFileReference; explicitFileType = text.man; name = word2text.1; path = manpage/word2text.1; sourceTree = "<group>"; };
		3B198CE92D03B61700FE1EC9 /* LICENSE.md */ = {isa = PBXFileReference; lastKnownFileType = net.daringfireball.markdown; path = LICENSE.md; sourceTree = "<group>"; };
		3B198CEA2D03B61700FE1EC9 /* README.md */ = {isa = PBXFileReference; lastKnownFileType = net.daringfireball.markdown; path = README.md; sourceTree = "<group>"; };
		3B48737A2D03743C00294F25 /* word2text */ = {isa = PBXFileReference; explicitFileType = "compiled.mach-o.executable"; includeInIndex = 0; path = word2text; sourceTree = BUILT_PRODUCTS_DIR; };
		3B54EF792E57295000292910 /* CHANGELOG.md */ = {isa = PBXFileReference; lastKnownFileType = net.daringfireball.markdown; path = CHANGELOG.md; sourceTree = "<group>"; };
		3BD947C32E50D99D00A3245D /* word.swift */ = {isa = PBXFileReference; lastKnownFileType = sourcecode.swift; path = word.swift; sourceTree = "<group>"; };
		3BE01B712D0F3CB900E1D2F4 /* word2textTests.xctest */ = {isa = PBXFileReference; explicitFileType = wrapper.cfbundle; includeInIndex = 0; path = word2textTests.xctest; sourceTree = BUILT_PRODUCTS_DIR; };
		3BE01B782D0F3CCB00E1D2F4 /* word2textTests.swift */ = {isa = PBXFileReference; lastKnownFileType = sourcecode.swift; path = word2textTests.swift; sourceTree = "<group>"; };
		3BF1247B2D22A62300E45F2E /* Package.swift */ = {isa = PBXFileReference; lastKnownFileType = sourcecode.swift; path = Package.swift; sourceTree = "<group>"; };
		3BF5644C2D0A270F008E58B6 /* Info.plist */ = {isa = PBXFileReference; lastKnownFileType = text.plist.xml; path = Info.plist; sourceTree = "<group>"; };
		3BF5644D2D0A270F008E58B6 /* linux_version.swift */ = {isa = PBXFileReference; lastKnownFileType = sourcecode.swift; path = linux_version.swift; sourceTree = "<group>"; };
		3BF5644E2D0A270F008E58B6 /* main.swift */ = {isa = PBXFileReference; lastKnownFileType = sourcecode.swift; path = main.swift; sourceTree = "<group>"; };
		3BF5644F2D0A270F008E58B6 /* entities.swift */ = {isa = PBXFileReference; lastKnownFileType = sourcecode.swift; path = entities.swift; sourceTree = "<group>"; };
/* End PBXFileReference section */

/* Begin PBXFrameworksBuildPhase section */
		3B4873772D03743C00294F25 /* Frameworks */ = {
			isa = PBXFrameworksBuildPhase;
			buildActionMask = 2147483647;
			files = (
				3B30A27D2E55A65800025C49 /* Clicore in Frameworks */,
			);
			runOnlyForDeploymentPostprocessing = 0;
		};
		3BE01B6E2D0F3CB900E1D2F4 /* Frameworks */ = {
			isa = PBXFrameworksBuildPhase;
			buildActionMask = 2147483647;
			files = (
			);
			runOnlyForDeploymentPostprocessing = 0;
		};
/* End PBXFrameworksBuildPhase section */

/* Begin PBXGroup section */
		3B09FFDC2D198CDB00F98C39 /* Man */ = {
			isa = PBXGroup;
			children = (
				3B09FFDD2D198CEE00F98C39 /* word2text.1 */,
			);
			name = Man;
			sourceTree = "<group>";
		};
		3B4873712D03743C00294F25 = {
			isa = PBXGroup;
			children = (
				3BF564502D0A270F008E58B6 /* word2text */,
				3BE01B792D0F3CCB00E1D2F4 /* word2textTests */,
				3B09FFDC2D198CDB00F98C39 /* Man */,
				3B198CEA2D03B61700FE1EC9 /* README.md */,
				3B54EF792E57295000292910 /* CHANGELOG.md */,
				3B198CE92D03B61700FE1EC9 /* LICENSE.md */,
				3BF1247B2D22A62300E45F2E /* Package.swift */,
				3B48737B2D03743C00294F25 /* Products */,
			);
			sourceTree = "<group>";
		};
		3B48737B2D03743C00294F25 /* Products */ = {
			isa = PBXGroup;
			children = (
				3B48737A2D03743C00294F25 /* word2text */,
				3BE01B712D0F3CB900E1D2F4 /* word2textTests.xctest */,
			);
			name = Products;
			sourceTree = "<group>";
		};
		3BE01B792D0F3CCB00E1D2F4 /* word2textTests */ = {
			isa = PBXGroup;
			children = (
				3BE01B782D0F3CCB00E1D2F4 /* word2textTests.swift */,
			);
			path = word2textTests;
			sourceTree = "<group>";
		};
		3BF564502D0A270F008E58B6 /* word2text */ = {
			isa = PBXGroup;
			children = (
				3BF5644E2D0A270F008E58B6 /* main.swift */,
				3BD947C32E50D99D00A3245D /* word.swift */,
				3BF5644F2D0A270F008E58B6 /* entities.swift */,
				3BF5644D2D0A270F008E58B6 /* linux_version.swift */,
				3BF5644C2D0A270F008E58B6 /* Info.plist */,
			);
			path = word2text;
			sourceTree = "<group>";
		};
/* End PBXGroup section */

/* Begin PBXNativeTarget section */
		3B4873792D03743C00294F25 /* word2text */ = {
			isa = PBXNativeTarget;
			buildConfigurationList = 3B4873812D03743C00294F25 /* Build configuration list for PBXNativeTarget "word2text" */;
			buildPhases = (
				3B4873762D03743C00294F25 /* Sources */,
				3B4873772D03743C00294F25 /* Frameworks */,
				3B4873782D03743C00294F25 /* CopyFiles */,
			);
			buildRules = (
			);
			dependencies = (
			);
			name = word2text;
			packageProductDependencies = (
				3B30A27C2E55A65800025C49 /* Clicore */,
			);
			productName = wrd2txt;
			productReference = 3B48737A2D03743C00294F25 /* word2text */;
			productType = "com.apple.product-type.tool";
		};
		3BE01B702D0F3CB900E1D2F4 /* word2textTests */ = {
			isa = PBXNativeTarget;
			buildConfigurationList = 3BE01B752D0F3CB900E1D2F4 /* Build configuration list for PBXNativeTarget "word2textTests" */;
			buildPhases = (
				3BE01B6D2D0F3CB900E1D2F4 /* Sources */,
				3BE01B6E2D0F3CB900E1D2F4 /* Frameworks */,
				3BE01B6F2D0F3CB900E1D2F4 /* Resources */,
			);
			buildRules = (
			);
			dependencies = (
			);
			name = word2textTests;
			packageProductDependencies = (
			);
			productName = word2textTests;
			productReference = 3BE01B712D0F3CB900E1D2F4 /* word2textTests.xctest */;
			productType = "com.apple.product-type.bundle.unit-test";
		};
/* End PBXNativeTarget section */

/* Begin PBXProject section */
		3B4873722D03743C00294F25 /* Project object */ = {
			isa = PBXProject;
			attributes = {
				BuildIndependentTargetsInParallel = 1;
				LastSwiftUpdateCheck = 1620;
				LastUpgradeCheck = 1620;
				TargetAttributes = {
					3B4873792D03743C00294F25 = {
						CreatedOnToolsVersion = 16.1;
					};
					3BE01B702D0F3CB900E1D2F4 = {
						CreatedOnToolsVersion = 16.2;
					};
				};
			};
			buildConfigurationList = 3B4873752D03743C00294F25 /* Build configuration list for PBXProject "word2text" */;
			developmentRegion = en;
			hasScannedForEncodings = 0;
			knownRegions = (
				en,
				Base,
			);
			mainGroup = 3B4873712D03743C00294F25;
			minimizedProjectReferenceProxies = 1;
			packageReferences = (
				3B30A27A2E55A5CB00025C49 /* XCRemoteSwiftPackageReference "clicore" */,
			);
			preferredProjectObjectVersion = 77;
			productRefGroup = 3B48737B2D03743C00294F25 /* Products */;
			projectDirPath = "";
			projectRoot = "";
			targets = (
				3B4873792D03743C00294F25 /* word2text */,
				3BE01B702D0F3CB900E1D2F4 /* word2textTests */,
			);
		};
/* End PBXProject section */

/* Begin PBXResourcesBuildPhase section */
		3BE01B6F2D0F3CB900E1D2F4 /* Resources */ = {
			isa = PBXResourcesBuildPhase;
			buildActionMask = 2147483647;
			files = (
			);
			runOnlyForDeploymentPostprocessing = 0;
		};
/* End PBXResourcesBuildPhase section */

/* Begin PBXSourcesBuildPhase section */
		3B4873762D03743C00294F25 /* Sources */ = {
			isa = PBXSourcesBuildPhase;
			buildActionMask = 2147483647;
			files = (
				3BF564532D0A270F008E58B6 /* main.swift in Sources */,
				3BF564542D0A270F008E58B6 /* entities.swift in Sources */,
				3BD947C42E50D99D00A3245D /* word.swift in Sources */,
			);
			runOnlyForDeploymentPostprocessing = 0;
		};
		3BE01B6D2D0F3CB900E1D2F4 /* Sources */ = {
			isa = PBXSourcesBuildPhase;
			buildActionMask = 2147483647;
			files = (
				3BE01B7A2D0F3CCB00E1D2F4 /* word2textTests.swift in Sources */,
				3BE01B7B2D0F3D5300E1D2F4 /* entities.swift in Sources */,
				3BE01B7D2D0F3D6000E1D2F4 /* main.swift in Sources */,
				3BD947C52E50D99D00A3245D /* word.swift in Sources */,
			);
			runOnlyForDeploymentPostprocessing = 0;
		};
/* End PBXSourcesBuildPhase section */

/* Begin XCBuildConfiguration section */
		3B48737F2D03743C00294F25 /* Debug */ = {
			isa = XCBuildConfiguration;
			buildSettings = {
				ALWAYS_SEARCH_USER_PATHS = NO;
				ASSETCATALOG_COMPILER_GENERATE_SWIFT_ASSET_SYMBOL_EXTENSIONS = YES;
				CLANG_ANALYZER_NONNULL = YES;
				CLANG_ANALYZER_NUMBER_OBJECT_CONVERSION = YES_AGGRESSIVE;
				CLANG_CXX_LANGUAGE_STANDARD = "gnu++20";
				CLANG_ENABLE_MODULES = YES;
				CLANG_ENABLE_OBJC_ARC = YES;
				CLANG_ENABLE_OBJC_WEAK = YES;
				CLANG_WARN_BLOCK_CAPTURE_AUTORELEASING = YES;
				CLANG_WARN_BOOL_CONVERSION = YES;
				CLANG_WARN_COMMA = YES;
				CLANG_WARN_CONSTANT_CONVERSION = YES;
				CLANG_WARN_DEPRECATED_OBJC_IMPLEMENTATIONS = YES;
				CLANG_WARN_DIRECT_OBJC_ISA_USAGE = YES_ERROR;
				CLANG_WARN_DOCUMENTATION_COMMENTS = YES;
				CLANG_WARN_EMPTY_BODY = YES;
				CLANG_WARN_ENUM_CONVERSION = YES;
				CLANG_WARN_INFINITE_RECURSION = YES;
				CLANG_WARN_INT_CONVERSION = YES;
				CLANG_WARN_NON_LITERAL_NULL_CONVERSION = YES;
				CLANG_WARN_OBJC_IMPLICIT_RETAIN_SELF = YES;
				CLANG_WARN_OBJC_LITERAL_CONVERSION = YES;
				CLANG_WARN_OBJC_ROOT_CLASS = YES_ERROR;
				CLANG_WARN_QUOTED_INCLUDE_IN_FRAMEWORK_HEADER = YES;
				CLANG_WARN_RANGE_LOOP_ANALYSIS = YES;
				CLANG_WARN_STRICT_PROTOTYPES = YES;
				CLANG_WARN_SUSPICIOUS_MOVE = YES;
				CLANG_WARN_UNGUARDED_AVAILABILITY = YES_AGGRESSIVE;
				CLANG_WARN_UNREACHABLE_CODE = YES;
				CLANG_WARN__DUPLICATE_METHOD_MATCH = YES;
				COPY_PHASE_STRIP = NO;
				DEAD_CODE_STRIPPING = YES;
				DEBUG_INFORMATION_FORMAT = dwarf;
				ENABLE_STRICT_OBJC_MSGSEND = YES;
				ENABLE_TESTABILITY = YES;
				ENABLE_USER_SCRIPT_SANDBOXING = YES;
				GCC_C_LANGUAGE_STANDARD = gnu17;
				GCC_DYNAMIC_NO_PIC = NO;
				GCC_NO_COMMON_BLOCKS = YES;
				GCC_OPTIMIZATION_LEVEL = 0;
				GCC_PREPROCESSOR_DEFINITIONS = (
					"DEBUG=1",
					"$(inherited)",
				);
				GCC_WARN_64_TO_32_BIT_CONVERSION = YES;
				GCC_WARN_ABOUT_RETURN_TYPE = YES_ERROR;
				GCC_WARN_UNDECLARED_SELECTOR = YES;
				GCC_WARN_UNINITIALIZED_AUTOS = YES_AGGRESSIVE;
				GCC_WARN_UNUSED_FUNCTION = YES;
				GCC_WARN_UNUSED_VARIABLE = YES;
				LOCALIZATION_PREFERS_STRING_CATALOGS = YES;
				MACOSX_DEPLOYMENT_TARGET = 15.1;
				MTL_ENABLE_DEBUG_INFO = INCLUDE_SOURCE;
				MTL_FAST_MATH = YES;
				ONLY_ACTIVE_ARCH = YES;
				SDKROOT = macosx;
				SWIFT_ACTIVE_COMPILATION_CONDITIONS = "DEBUG $(inherited)";
				SWIFT_OPTIMIZATION_LEVEL = "-Onone";
			};
			name = Debug;
		};
		3B4873802D03743C00294F25 /* Release */ = {
			isa = XCBuildConfiguration;
			buildSettings = {
				ALWAYS_SEARCH_USER_PATHS = NO;
				ASSETCATALOG_COMPILER_GENERATE_SWIFT_ASSET_SYMBOL_EXTENSIONS = YES;
				CLANG_ANALYZER_NONNULL = YES;
				CLANG_ANALYZER_NUMBER_OBJECT_CONVERSION = YES_AGGRESSIVE;
				CLANG_CXX_LANGUAGE_STANDARD = "gnu++20";
				CLANG_ENABLE_MODULES = YES;
				CLANG_ENABLE_OBJC_ARC = YES;
				CLANG_ENABLE_OBJC_WEAK = YES;
				CLANG_WARN_BLOCK_CAPTURE_AUTORELEASING = YES;
				CLANG_WARN_BOOL_CONVERSION = YES;
				CLANG_WARN_COMMA = YES;
				CLANG_WARN_CONSTANT_CONVERSION = YES;
				CLANG_WARN_DEPRECATED_OBJC_IMPLEMENTATIONS = YES;
				CLANG_WARN_DIRECT_OBJC_ISA_USAGE = YES_ERROR;
				CLANG_WARN_DOCUMENTATION_COMMENTS = YES;
				CLANG_WARN_EMPTY_BODY = YES;
				CLANG_WARN_ENUM_CONVERSION = YES;
				CLANG_WARN_INFINITE_RECURSION = YES;
				CLANG_WARN_INT_CONVERSION = YES;
				CLANG_WARN_NON_LITERAL_NULL_CONVERSION = YES;
				CLANG_WARN_OBJC_IMPLICIT_RETAIN_SELF = YES;
				CLANG_WARN_OBJC_LITERAL_CONVERSION = YES;
				CLANG_WARN_OBJC_ROOT_CLASS = YES_ERROR;
				CLANG_WARN_QUOTED_INCLUDE_IN_FRAMEWORK_HEADER = YES;
				CLANG_WARN_RANGE_LOOP_ANALYSIS = YES;
				CLANG_WARN_STRICT_PROTOTYPES = YES;
				CLANG_WARN_SUSPICIOUS_MOVE = YES;
				CLANG_WARN_UNGUARDED_AVAILABILITY = YES_AGGRESSIVE;
				CLANG_WARN_UNREACHABLE_CODE = YES;
				CLANG_WARN__DUPLICATE_METHOD_MATCH = YES;
				COPY_PHASE_STRIP = NO;
				DEAD_CODE_STRIPPING = YES;
				DEBUG_INFORMATION_FORMAT = "dwarf-with-dsym";
				ENABLE_NS_ASSERTIONS = NO;
				ENABLE_STRICT_OBJC_MSGSEND = YES;
				ENABLE_USER_SCRIPT_SANDBOXING = YES;
				GCC_C_LANGUAGE_STANDARD = gnu17;
				GCC_NO_COMMON_BLOCKS = YES;
				GCC_WARN_64_TO_32_BIT_CONVERSION = YES;
				GCC_WARN_ABOUT_RETURN_TYPE = YES_ERROR;
				GCC_WARN_UNDECLARED_SELECTOR = YES;
				GCC_WARN_UNINITIALIZED_AUTOS = YES_AGGRESSIVE;
				GCC_WARN_UNUSED_FUNCTION = YES;
				GCC_WARN_UNUSED_VARIABLE = YES;
				LOCALIZATION_PREFERS_STRING_CATALOGS = YES;
				MACOSX_DEPLOYMENT_TARGET = 15.1;
				MTL_ENABLE_DEBUG_INFO = NO;
				MTL_FAST_MATH = YES;
				SDKROOT = macosx;
				SWIFT_COMPILATION_MODE = wholemodule;
			};
			name = Release;
		};
		3B4873822D03743C00294F25 /* Debug */ = {
			isa = XCBuildConfiguration;
			buildSettings = {
				"CODE_SIGN_IDENTITY[sdk=macosx*]" = "Developer ID Application";
				CODE_SIGN_STYLE = Manual;
				CREATE_INFOPLIST_SECTION_IN_BINARY = YES;
				CURRENT_PROJECT_VERSION = 27;
				DEAD_CODE_STRIPPING = YES;
				DEVELOPMENT_TEAM = "";
				"DEVELOPMENT_TEAM[sdk=macosx*]" = Y5J3K52DNA;
				DSTROOT = $SRCROOT/build/pkgroot;
				ENABLE_HARDENED_RUNTIME = YES;
				INFOPLIST_FILE = /Users/smitty/GitHub/word2text/word2text/Info.plist;
				MACOSX_DEPLOYMENT_TARGET = 11.0;
				MARKETING_VERSION = 0.1.3;
				PRODUCT_BUNDLE_IDENTIFIER = com.bps.word2text;
				PRODUCT_NAME = "$(TARGET_NAME)";
				PROVISIONING_PROFILE_SPECIFIER = "";
				SWIFT_VERSION = 5.0;
			};
			name = Debug;
		};
		3B4873832D03743C00294F25 /* Release */ = {
			isa = XCBuildConfiguration;
			buildSettings = {
				"CODE_SIGN_IDENTITY[sdk=macosx*]" = "Developer ID Application";
				CODE_SIGN_STYLE = Manual;
				CREATE_INFOPLIST_SECTION_IN_BINARY = YES;
				CURRENT_PROJECT_VERSION = 27;
				DEAD_CODE_STRIPPING = YES;
				DEVELOPMENT_TEAM = "";
				"DEVELOPMENT_TEAM[sdk=macosx*]" = Y5J3K52DNA;
				DSTROOT = $SRCROOT/build/pkgroot;
				ENABLE_HARDENED_RUNTIME = YES;
				INFOPLIST_FILE = /Users/smitty/GitHub/word2text/word2text/Info.plist;
				MACOSX_DEPLOYMENT_TARGET = 11.0;
				MARKETING_VERSION = 0.1.3;
				PRODUCT_BUNDLE_IDENTIFIER = com.bps.word2text;
				PRODUCT_NAME = "$(TARGET_NAME)";
				PROVISIONING_PROFILE_SPECIFIER = "";
				SWIFT_VERSION = 5.0;
			};
			name = Release;
		};
		3BE01B762D0F3CB900E1D2F4 /* Debug */ = {
			isa = XCBuildConfiguration;
			buildSettings = {
				CODE_SIGN_STYLE = Automatic;
				CURRENT_PROJECT_VERSION = 1;
				DEAD_CODE_STRIPPING = YES;
				DEVELOPMENT_TEAM = Y5J3K52DNA;
				GENERATE_INFOPLIST_FILE = YES;
				MACOSX_DEPLOYMENT_TARGET = 11.0;
				MARKETING_VERSION = 1.0;
				PRODUCT_BUNDLE_IDENTIFIER = com.bps.word2textTests;
				PRODUCT_NAME = "$(TARGET_NAME)";
				SWIFT_EMIT_LOC_STRINGS = NO;
				SWIFT_VERSION = 5.0;
			};
			name = Debug;
		};
		3BE01B772D0F3CB900E1D2F4 /* Release */ = {
			isa = XCBuildConfiguration;
			buildSettings = {
				CODE_SIGN_STYLE = Automatic;
				CURRENT_PROJECT_VERSION = 1;
				DEAD_CODE_STRIPPING = YES;
				DEVELOPMENT_TEAM = Y5J3K52DNA;
				GENERATE_INFOPLIST_FILE = YES;
				MACOSX_DEPLOYMENT_TARGET = 11.0;
				MARKETING_VERSION = 1.0;
				PRODUCT_BUNDLE_IDENTIFIER = com.bps.word2textTests;
				PRODUCT_NAME = "$(TARGET_NAME)";
				SWIFT_EMIT_LOC_STRINGS = NO;
				SWIFT_VERSION = 5.0;
			};
			name = Release;
		};
/* End XCBuildConfiguration section */

/* Begin XCConfigurationList section */
		3B4873752D03743C00294F25 /* Build configuration list for PBXProject "word2text" */ = {
			isa = XCConfigurationList;
			buildConfigurations = (
				3B48737F2D03743C00294F25 /* Debug */,
				3B4873802D03743C00294F25 /* Release */,
			);
			defaultConfigurationIsVisible = 0;
			defaultConfigurationName = Release;
		};
		3B4873812D03743C00294F25 /* Build configuration list for PBXNativeTarget "word2text" */ = {
			isa = XCConfigurationList;
			buildConfigurations = (
				3B4873822D03743C00294F25 /* Debug */,
				3B4873832D03743C00294F25 /* Release */,
			);
			defaultConfigurationIsVisible = 0;
			defaultConfigurationName = Release;
		};
		3BE01B752D0F3CB900E1D2F4 /* Build configuration list for PBXNativeTarget "word2textTests" */ = {
			isa = XCConfigurationList;
			buildConfigurations = (
				3BE01B762D0F3CB900E1D2F4 /* Debug */,
				3BE01B772D0F3CB900E1D2F4 /* Release */,
			);
			defaultConfigurationIsVisible = 0;
			defaultConfigurationName = Release;
		};
/* End XCConfigurationList section */

/* Begin XCRemoteSwiftPackageReference section */
		3B30A27A2E55A5CB00025C49 /* XCRemoteSwiftPackageReference "clicore" */ = {
			isa = XCRemoteSwiftPackageReference;
			repositoryURL = "https://github.com/smittytone/clicore";
			requirement = {
				branch = main;
				kind = branch;
			};
		};
/* End XCRemoteSwiftPackageReference section */

/* Begin XCSwiftPackageProductDependency section */
		3B30A27C2E55A65800025C49 /* Clicore */ = {
			isa = XCSwiftPackageProductDependency;
			package = 3B30A27A2E55A5CB00025C49 /* XCRemoteSwiftPackageReference "clicore" */;
			productName = Clicore;
		};
/* End XCSwiftPackageProductDependency section */
	};
	rootObject = 3B4873722D03743C00294F25 /* Project object */;
}
